
Microsoft Visual Studio Solution File, Format Version 12.00
# Visual Studio 15
VisualStudioVersion = 15.0.28010.2046
MinimumVisualStudioVersion = 10.0.40219.1
Project("{FAE04EC0-301F-11D3-BF4B-00C04F79EFBC}") = "ChClient", "ChClient\ChClient.csproj", "{B337EDF9-8555-401C-9EA9-F17C88CA4184}"
EndProject
Project("{FAE04EC0-301F-11D3-BF4B-00C04F79EFBC}") = "InventoryReader", "InventoryReader\InventoryReader.csproj", "{A389AF44-C371-4675-901D-B9F54F5C8EBF}"
EndProject
Project("{FAE04EC0-301F-11D3-BF4B-00C04F79EFBC}") = "ChDbProject", "ChDbProject\ChDbProject.csproj", "{E2C45F1B-0758-4100-9B3A-0C75A25CBC32}"
EndProject
Project("{FAE04EC0-301F-11D3-BF4B-00C04F79EFBC}") = "DocxGen", "DocxGen\DocxGen.csproj", "{360B5372-6DF6-4910-9E1E-85138FC21FB1}"
EndProject
Global
	GlobalSection(SolutionConfigurationPlatforms) = preSolution
		Debug|Any CPU = Debug|Any CPU
		Release|Any CPU = Release|Any CPU
	EndGlobalSection
	GlobalSection(ProjectConfigurationPlatforms) = postSolution
		{B337EDF9-8555-401C-9EA9-F17C88CA4184}.Debug|Any CPU.ActiveCfg = Debug|Any CPU
		{B337EDF9-8555-401C-9EA9-F17C88CA4184}.Debug|Any CPU.Build.0 = Debug|Any CPU
		{B337EDF9-8555-401C-9EA9-F17C88CA4184}.Release|Any CPU.ActiveCfg = Release|Any CPU
		{B337EDF9-8555-401C-9EA9-F17C88CA4184}.Release|Any CPU.Build.0 = Release|Any CPU
		{A389AF44-C371-4675-901D-B9F54F5C8EBF}.Debug|Any CPU.ActiveCfg = Debug|Any CPU
		{A389AF44-C371-4675-901D-B9F54F5C8EBF}.Debug|Any CPU.Build.0 = Debug|Any CPU
		{A389AF44-C371-4675-901D-B9F54F5C8EBF}.Release|Any CPU.ActiveCfg = Release|Any CPU
		{A389AF44-C371-4675-901D-B9F54F5C8EBF}.Release|Any CPU.Build.0 = Release|Any CPU
		{E2C45F1B-0758-4100-9B3A-0C75A25CBC32}.Debug|Any CPU.ActiveCfg = Debug|Any CPU
		{E2C45F1B-0758-4100-9B3A-0C75A25CBC32}.Debug|Any CPU.Build.0 = Debug|Any CPU
		{E2C45F1B-0758-4100-9B3A-0C75A25CBC32}.Release|Any CPU.ActiveCfg = Release|Any CPU
		{E2C45F1B-0758-4100-9B3A-0C75A25CBC32}.Release|Any CPU.Build.0 = Release|Any CPU
		{360B5372-6DF6-4910-9E1E-85138FC21FB1}.Debug|Any CPU.ActiveCfg = Debug|Any CPU
		{360B5372-6DF6-4910-9E1E-85138FC21FB1}.Debug|Any CPU.Build.0 = Debug|Any CPU
		{360B5372-6DF6-4910-9E1E-85138FC21FB1}.Release|Any CPU.ActiveCfg = Release|Any CPU
		{360B5372-6DF6-4910-9E1E-85138FC21FB1}.Release|Any CPU.Build.0 = Release|Any CPU
	EndGlobalSection
	GlobalSection(SolutionProperties) = preSolution
		HideSolutionNode = FALSE
	EndGlobalSection
	GlobalSection(ExtensibilityGlobals) = postSolution
		SolutionGuid = {C6E6638F-5EF3-4E15-9B05-7D857F232610}
	EndGlobalSection
EndGlobal
