
Microsoft Visual Studio Solution File, Format Version 12.00
# Visual Studio 15
VisualStudioVersion = 15.0.27004.2009
MinimumVisualStudioVersion = 10.0.40219.1
Project("{FAE04EC0-301F-11D3-BF4B-00C04F79EFBC}") = "ChClient", "ChClient\ChClient.csproj", "{EBB2FA66-0F9F-411F-B416-2D6186CCB6EB}"
EndProject
Project("{FAE04EC0-301F-11D3-BF4B-00C04F79EFBC}") = "DocxGen", "DocxGen\DocxGen.csproj", "{BF55D741-E800-41E6-B598-C1CECCE7820F}"
EndProject
Project("{FAE04EC0-301F-11D3-BF4B-00C04F79EFBC}") = "InventoryReader", "InventoryReader\InventoryReader.csproj", "{0693776D-EA41-4450-AA9A-838458047096}"
EndProject
Global
	GlobalSection(SolutionConfigurationPlatforms) = preSolution
		Debug|Any CPU = Debug|Any CPU
		Release|Any CPU = Release|Any CPU
	EndGlobalSection
	GlobalSection(ProjectConfigurationPlatforms) = postSolution
		{EBB2FA66-0F9F-411F-B416-2D6186CCB6EB}.Debug|Any CPU.ActiveCfg = Debug|Any CPU
		{EBB2FA66-0F9F-411F-B416-2D6186CCB6EB}.Debug|Any CPU.Build.0 = Debug|Any CPU
		{EBB2FA66-0F9F-411F-B416-2D6186CCB6EB}.Release|Any CPU.ActiveCfg = Release|Any CPU
		{EBB2FA66-0F9F-411F-B416-2D6186CCB6EB}.Release|Any CPU.Build.0 = Release|Any CPU
		{BF55D741-E800-41E6-B598-C1CECCE7820F}.Debug|Any CPU.ActiveCfg = Debug|Any CPU
		{BF55D741-E800-41E6-B598-C1CECCE7820F}.Debug|Any CPU.Build.0 = Debug|Any CPU
		{BF55D741-E800-41E6-B598-C1CECCE7820F}.Release|Any CPU.ActiveCfg = Release|Any CPU
		{BF55D741-E800-41E6-B598-C1CECCE7820F}.Release|Any CPU.Build.0 = Release|Any CPU
		{0693776D-EA41-4450-AA9A-838458047096}.Debug|Any CPU.ActiveCfg = Debug|Any CPU
		{0693776D-EA41-4450-AA9A-838458047096}.Debug|Any CPU.Build.0 = Debug|Any CPU
		{0693776D-EA41-4450-AA9A-838458047096}.Release|Any CPU.ActiveCfg = Release|Any CPU
		{0693776D-EA41-4450-AA9A-838458047096}.Release|Any CPU.Build.0 = Release|Any CPU
	EndGlobalSection
	GlobalSection(SolutionProperties) = preSolution
		HideSolutionNode = FALSE
	EndGlobalSection
	GlobalSection(ExtensibilityGlobals) = postSolution
		SolutionGuid = {C0BD6EAA-5472-4619-9C84-152362C379E3}
	EndGlobalSection
EndGlobal
