
Microsoft Visual Studio Solution File, Format Version 12.00
# Visual Studio 15
VisualStudioVersion = 15.0.27004.2009
MinimumVisualStudioVersion = 10.0.40219.1
Project("{FAE04EC0-301F-11D3-BF4B-00C04F79EFBC}") = "chClient", "chClient\chClient.csproj", "{28FEE3F3-A8CD-4ED2-8FD4-B7DF828611F2}"
EndProject
Project("{FAE04EC0-301F-11D3-BF4B-00C04F79EFBC}") = "chServer", "chServer\chServer.csproj", "{4E3DF14A-EFCD-44A2-995B-08A8DFCB446B}"
EndProject
Project("{FAE04EC0-301F-11D3-BF4B-00C04F79EFBC}") = "DocxGen", "DocxGen\DocxGen.csproj", "{EF46D8D1-8282-491F-82D6-DFF07AABE952}"
EndProject
Project("{FAE04EC0-301F-11D3-BF4B-00C04F79EFBC}") = "DBtoEF", "DBtoEF\DBtoEF.csproj", "{332B2F17-89D3-4DCC-BC38-C2D76588F521}"
EndProject
Project("{FAE04EC0-301F-11D3-BF4B-00C04F79EFBC}") = "InventoryReader", "InventoryReader\InventoryReader.csproj", "{104C9234-29D4-481B-B9E2-AD1B88BFE802}"
EndProject
Global
	GlobalSection(SolutionConfigurationPlatforms) = preSolution
		Debug|Any CPU = Debug|Any CPU
		Release|Any CPU = Release|Any CPU
	EndGlobalSection
	GlobalSection(ProjectConfigurationPlatforms) = postSolution
		{28FEE3F3-A8CD-4ED2-8FD4-B7DF828611F2}.Debug|Any CPU.ActiveCfg = Debug|Any CPU
		{28FEE3F3-A8CD-4ED2-8FD4-B7DF828611F2}.Debug|Any CPU.Build.0 = Debug|Any CPU
		{28FEE3F3-A8CD-4ED2-8FD4-B7DF828611F2}.Release|Any CPU.ActiveCfg = Release|Any CPU
		{28FEE3F3-A8CD-4ED2-8FD4-B7DF828611F2}.Release|Any CPU.Build.0 = Release|Any CPU
		{4E3DF14A-EFCD-44A2-995B-08A8DFCB446B}.Debug|Any CPU.ActiveCfg = Debug|Any CPU
		{4E3DF14A-EFCD-44A2-995B-08A8DFCB446B}.Debug|Any CPU.Build.0 = Debug|Any CPU
		{4E3DF14A-EFCD-44A2-995B-08A8DFCB446B}.Release|Any CPU.ActiveCfg = Release|Any CPU
		{4E3DF14A-EFCD-44A2-995B-08A8DFCB446B}.Release|Any CPU.Build.0 = Release|Any CPU
		{EF46D8D1-8282-491F-82D6-DFF07AABE952}.Debug|Any CPU.ActiveCfg = Debug|Any CPU
		{EF46D8D1-8282-491F-82D6-DFF07AABE952}.Debug|Any CPU.Build.0 = Debug|Any CPU
		{EF46D8D1-8282-491F-82D6-DFF07AABE952}.Release|Any CPU.ActiveCfg = Release|Any CPU
		{EF46D8D1-8282-491F-82D6-DFF07AABE952}.Release|Any CPU.Build.0 = Release|Any CPU
		{332B2F17-89D3-4DCC-BC38-C2D76588F521}.Debug|Any CPU.ActiveCfg = Debug|Any CPU
		{332B2F17-89D3-4DCC-BC38-C2D76588F521}.Debug|Any CPU.Build.0 = Debug|Any CPU
		{332B2F17-89D3-4DCC-BC38-C2D76588F521}.Release|Any CPU.ActiveCfg = Release|Any CPU
		{332B2F17-89D3-4DCC-BC38-C2D76588F521}.Release|Any CPU.Build.0 = Release|Any CPU
		{104C9234-29D4-481B-B9E2-AD1B88BFE802}.Debug|Any CPU.ActiveCfg = Debug|Any CPU
		{104C9234-29D4-481B-B9E2-AD1B88BFE802}.Debug|Any CPU.Build.0 = Debug|Any CPU
		{104C9234-29D4-481B-B9E2-AD1B88BFE802}.Release|Any CPU.ActiveCfg = Release|Any CPU
		{104C9234-29D4-481B-B9E2-AD1B88BFE802}.Release|Any CPU.Build.0 = Release|Any CPU
	EndGlobalSection
	GlobalSection(SolutionProperties) = preSolution
		HideSolutionNode = FALSE
	EndGlobalSection
	GlobalSection(ExtensibilityGlobals) = postSolution
		SolutionGuid = {B9DE1663-1612-41A1-B113-F588B057C758}
	EndGlobalSection
EndGlobal
